dependencies:
- name: bank-common
  repository: file://../../bank-common
  version: 0.1.0
- name: configserver
  repository: file://../../bank-services/configserver
  version: 0.1.0
- name: eurekaserver
  repository: file://../../bank-services/eurekaserver
  version: 0.1.0
- name: account
  repository: file://../../bank-services/account
  version: 0.1.0
- name: card
  repository: file://../../bank-services/card
  version: 0.1.0
- name: loan
  repository: file://../../bank-services/loan
  version: 0.1.0
- name: gatewayserver
  repository: file://../../bank-services/gatewayserver
  version: 0.1.0
- name: message
  repository: file://../../bank-services/message
  version: 0.1.0
digest: sha256:442e7c5d0e2b252bdc1736a47e719867176648b51143779eab5d2f03486ef0f0
generated: "2024-02-16T23:04:48.653085-05:00"
